
Microsoft Visual Studio Solution File, Format Version 12.00
Project("{FAE04EC0-301F-11D3-BF4B-00C04F79EFBC}") = "ClusterizerLib", "ClusterizerLib\ClusterizerLib.csproj", "{9D9BF329-62BD-4B16-A70F-46F19A14324B}"
EndProject
Project("{FAE04EC0-301F-11D3-BF4B-00C04F79EFBC}") = "ClusterizerLib.UnitTests", "ClusterizerLib.UnitTests\ClusterizerLib.UnitTests.csproj", "{9125C514-62F8-4663-8FE8-7C8BCA73C94F}"
EndProject
Project("{FAE04EC0-301F-11D3-BF4B-00C04F79EFBC}") = "ClusterizerGui", "ClusterizerGui\ClusterizerGui.csproj", "{C6B053F9-4B2D-44E2-A229-AB00F2A5DAB8}"
EndProject
Project("{FAE04EC0-301F-11D3-BF4B-00C04F79EFBC}") = "ClusterizerGui.UnitTests", "ClusterizerGui.UnitTests\ClusterizerGui.UnitTests.csproj", "{E4AD61DE-DA5B-44AA-9C7B-577273085559}"
EndProject
Project("{FAE04EC0-301F-11D3-BF4B-00C04F79EFBC}") = "ClusteringGridBase", "ClusteringGridBase\ClusteringGridBase.csproj", "{FA836692-B040-4787-9467-70AD41FDECAF}"
EndProject
Project("{FAE04EC0-301F-11D3-BF4B-00C04F79EFBC}") = "ClusteringModels", "ClusteringModels\ClusteringModels.csproj", "{CE6429B1-D3EB-45BD-815A-E08D28E56C89}"
EndProject
Global
	GlobalSection(SolutionConfigurationPlatforms) = preSolution
		Debug|Any CPU = Debug|Any CPU
		Release|Any CPU = Release|Any CPU
	EndGlobalSection
	GlobalSection(ProjectConfigurationPlatforms) = postSolution
		{9D9BF329-62BD-4B16-A70F-46F19A14324B}.Debug|Any CPU.ActiveCfg = Debug|Any CPU
		{9D9BF329-62BD-4B16-A70F-46F19A14324B}.Debug|Any CPU.Build.0 = Debug|Any CPU
		{9D9BF329-62BD-4B16-A70F-46F19A14324B}.Release|Any CPU.ActiveCfg = Release|Any CPU
		{9D9BF329-62BD-4B16-A70F-46F19A14324B}.Release|Any CPU.Build.0 = Release|Any CPU
		{9125C514-62F8-4663-8FE8-7C8BCA73C94F}.Debug|Any CPU.ActiveCfg = Debug|Any CPU
		{9125C514-62F8-4663-8FE8-7C8BCA73C94F}.Debug|Any CPU.Build.0 = Debug|Any CPU
		{9125C514-62F8-4663-8FE8-7C8BCA73C94F}.Release|Any CPU.ActiveCfg = Release|Any CPU
		{9125C514-62F8-4663-8FE8-7C8BCA73C94F}.Release|Any CPU.Build.0 = Release|Any CPU
		{C6B053F9-4B2D-44E2-A229-AB00F2A5DAB8}.Debug|Any CPU.ActiveCfg = Debug|Any CPU
		{C6B053F9-4B2D-44E2-A229-AB00F2A5DAB8}.Debug|Any CPU.Build.0 = Debug|Any CPU
		{C6B053F9-4B2D-44E2-A229-AB00F2A5DAB8}.Release|Any CPU.ActiveCfg = Release|Any CPU
		{C6B053F9-4B2D-44E2-A229-AB00F2A5DAB8}.Release|Any CPU.Build.0 = Release|Any CPU
		{E4AD61DE-DA5B-44AA-9C7B-577273085559}.Debug|Any CPU.ActiveCfg = Debug|Any CPU
		{E4AD61DE-DA5B-44AA-9C7B-577273085559}.Debug|Any CPU.Build.0 = Debug|Any CPU
		{E4AD61DE-DA5B-44AA-9C7B-577273085559}.Release|Any CPU.ActiveCfg = Release|Any CPU
		{E4AD61DE-DA5B-44AA-9C7B-577273085559}.Release|Any CPU.Build.0 = Release|Any CPU
		{FA836692-B040-4787-9467-70AD41FDECAF}.Debug|Any CPU.ActiveCfg = Debug|Any CPU
		{FA836692-B040-4787-9467-70AD41FDECAF}.Debug|Any CPU.Build.0 = Debug|Any CPU
		{FA836692-B040-4787-9467-70AD41FDECAF}.Release|Any CPU.ActiveCfg = Release|Any CPU
		{FA836692-B040-4787-9467-70AD41FDECAF}.Release|Any CPU.Build.0 = Release|Any CPU
		{CE6429B1-D3EB-45BD-815A-E08D28E56C89}.Debug|Any CPU.ActiveCfg = Debug|Any CPU
		{CE6429B1-D3EB-45BD-815A-E08D28E56C89}.Debug|Any CPU.Build.0 = Debug|Any CPU
		{CE6429B1-D3EB-45BD-815A-E08D28E56C89}.Release|Any CPU.ActiveCfg = Release|Any CPU
		{CE6429B1-D3EB-45BD-815A-E08D28E56C89}.Release|Any CPU.Build.0 = Release|Any CPU
	EndGlobalSection
EndGlobal
